
Microsoft Visual Studio Solution File, Format Version 12.00
# Visual Studio Version 17
VisualStudioVersion = 17.5.33414.496
MinimumVisualStudioVersion = 10.0.40219.1
Project("{FAE04EC0-301F-11D3-BF4B-00C04F79EFBC}") = "KKS_2022_23_Automated_Testing_With_Selenium", "KKS_2022_23_Automated_Testing_With_Selenium\KKS_2022_23_Automated_Testing_With_Selenium.csproj", "{6DDCB3D9-B760-4E36-8499-CA5605E62780}"
EndProject
Global
	GlobalSection(SolutionConfigurationPlatforms) = preSolution
		Debug|Any CPU = Debug|Any CPU
		Release|Any CPU = Release|Any CPU
	EndGlobalSection
	GlobalSection(ProjectConfigurationPlatforms) = postSolution
		{6DDCB3D9-B760-4E36-8499-CA5605E62780}.Debug|Any CPU.ActiveCfg = Debug|Any CPU
		{6DDCB3D9-B760-4E36-8499-CA5605E62780}.Debug|Any CPU.Build.0 = Debug|Any CPU
		{6DDCB3D9-B760-4E36-8499-CA5605E62780}.Release|Any CPU.ActiveCfg = Release|Any CPU
		{6DDCB3D9-B760-4E36-8499-CA5605E62780}.Release|Any CPU.Build.0 = Release|Any CPU
	EndGlobalSection
	GlobalSection(SolutionProperties) = preSolution
		HideSolutionNode = FALSE
	EndGlobalSection
	GlobalSection(ExtensibilityGlobals) = postSolution
		SolutionGuid = {ADDCCEFB-84F1-4838-B683-E9D53B6E1C73}
	EndGlobalSection
EndGlobal
